// !$*UTF8*$!
{
	archiveVersion = 1;
	classes = {
	};
	objectVersion = 46;
	objects = {

/* Begin PBXBuildFile section */
		841E7FF61C2ABF9C00285B12 /* main.m in Sources */ = {isa = PBXBuildFile; fileRef = 841E7FF51C2ABF9C00285B12 /* main.m */; };
		841E7FF91C2ABF9C00285B12 /* AppDelegate.m in Sources */ = {isa = PBXBuildFile; fileRef = 841E7FF81C2ABF9C00285B12 /* AppDelegate.m */; };
		841E7FFC1C2ABF9C00285B12 /* ViewController.m in Sources */ = {isa = PBXBuildFile; fileRef = 841E7FFB1C2ABF9C00285B12 /* ViewController.m */; };
		841E7FFF1C2ABF9C00285B12 /* Main.storyboard in Resources */ = {isa = PBXBuildFile; fileRef = 841E7FFD1C2ABF9C00285B12 /* Main.storyboard */; };
		841E80021C2ABF9C00285B12 /* DemoCoreData.xcdatamodeld in Sources */ = {isa = PBXBuildFile; fileRef = 841E80001C2ABF9C00285B12 /* DemoCoreData.xcdatamodeld */; };
		841E80041C2ABF9C00285B12 /* Assets.xcassets in Resources */ = {isa = PBXBuildFile; fileRef = 841E80031C2ABF9C00285B12 /* Assets.xcassets */; };
		841E80071C2ABF9C00285B12 /* LaunchScreen.storyboard in Resources */ = {isa = PBXBuildFile; fileRef = 841E80051C2ABF9C00285B12 /* LaunchScreen.storyboard */; };
		841E80121C2AC1B700285B12 /* Student+CoreDataProperties.m in Sources */ = {isa = PBXBuildFile; fileRef = 841E800F1C2AC1B700285B12 /* Student+CoreDataProperties.m */; };
		841E80131C2AC1B700285B12 /* Student.m in Sources */ = {isa = PBXBuildFile; fileRef = 841E80111C2AC1B700285B12 /* Student.m */; };
		841E80161C2AC44800285B12 /* DetailViewController.m in Sources */ = {isa = PBXBuildFile; fileRef = 841E80151C2AC44800285B12 /* DetailViewController.m */; };
/* End PBXBuildFile section */

/* Begin PBXFileReference section */
		841E7FF11C2ABF9C00285B12 /* DemoCoreData.app */ = {isa = PBXFileReference; explicitFileType = wrapper.application; includeInIndex = 0; path = DemoCoreData.app; sourceTree = BUILT_PRODUCTS_DIR; };
		841E7FF51C2ABF9C00285B12 /* main.m */ = {isa = PBXFileReference; lastKnownFileType = sourcecode.c.objc; path = main.m; sourceTree = "<group>"; };
		841E7FF71C2ABF9C00285B12 /* AppDelegate.h */ = {isa = PBXFileReference; lastKnownFileType = sourcecode.c.h; path = AppDelegate.h; sourceTree = "<group>"; };
		841E7FF81C2ABF9C00285B12 /* AppDelegate.m */ = {isa = PBXFileReference; lastKnownFileType = sourcecode.c.objc; path = AppDelegate.m; sourceTree = "<group>"; };
		841E7FFA1C2ABF9C00285B12 /* ViewController.h */ = {isa = PBXFileReference; lastKnownFileType = sourcecode.c.h; path = ViewController.h; sourceTree = "<group>"; };
		841E7FFB1C2ABF9C00285B12 /* ViewController.m */ = {isa = PBXFileReference; lastKnownFileType = sourcecode.c.objc; path = ViewController.m; sourceTree = "<group>"; };
		841E7FFE1C2ABF9C00285B12 /* Base */ = {isa = PBXFileReference; lastKnownFileType = file.storyboard; name = Base; path = Base.lproj/Main.storyboard; sourceTree = "<group>"; };
		841E80011C2ABF9C00285B12 /* DemoCoreData.xcdatamodel */ = {isa = PBXFileReference; lastKnownFileType = wrapper.xcdatamodel; path = DemoCoreData.xcdatamodel; sourceTree = "<group>"; };
		841E80031C2ABF9C00285B12 /* Assets.xcassets */ = {isa = PBXFileReference; lastKnownFileType = folder.assetcatalog; path = Assets.xcassets; sourceTree = "<group>"; };
		841E80061C2ABF9C00285B12 /* Base */ = {isa = PBXFileReference; lastKnownFileType = file.storyboard; name = Base; path = Base.lproj/LaunchScreen.storyboard; sourceTree = "<group>"; };
		841E80081C2ABF9C00285B12 /* Info.plist */ = {isa = PBXFileReference; lastKnownFileType = text.plist.xml; path = Info.plist; sourceTree = "<group>"; };
		841E800E1C2AC1B700285B12 /* Student+CoreDataProperties.h */ = {isa = PBXFileReference; fileEncoding = 4; lastKnownFileType = sourcecode.c.h; name = "Student+CoreDataProperties.h"; path = "../Student+CoreDataProperties.h"; sourceTree = "<group>"; };
		841E800F1C2AC1B700285B12 /* Student+CoreDataProperties.m */ = {isa = PBXFileReference; fileEncoding = 4; lastKnownFileType = sourcecode.c.objc; name = "Student+CoreDataProperties.m"; path = "../Student+CoreDataProperties.m"; sourceTree = "<group>"; };
		841E80101C2AC1B700285B12 /* Student.h */ = {isa = PBXFileReference; fileEncoding = 4; lastKnownFileType = sourcecode.c.h; name = Student.h; path = ../Student.h; sourceTree = "<group>"; };
		841E80111C2AC1B700285B12 /* Student.m */ = {isa = PBXFileReference; fileEncoding = 4; lastKnownFileType = sourcecode.c.objc; name = Student.m; path = ../Student.m; sourceTree = "<group>"; };
		841E80141C2AC44800285B12 /* DetailViewController.h */ = {isa = PBXFileReference; fileEncoding = 4; lastKnownFileType = sourcecode.c.h; path = DetailViewController.h; sourceTree = "<group>"; };
		841E80151C2AC44800285B12 /* DetailViewController.m */ = {isa = PBXFileReference; fileEncoding = 4; lastKnownFileType = sourcecode.c.objc; path = DetailViewController.m; sourceTree = "<group>"; };
/* End PBXFileReference section */

/* Begin PBXFrameworksBuildPhase section */
		841E7FEE1C2ABF9C00285B12 /* Frameworks */ = {
			isa = PBXFrameworksBuildPhase;
			buildActionMask = 2147483647;
			files = (
			);
			runOnlyForDeploymentPostprocessing = 0;
		};
/* End PBXFrameworksBuildPhase section */

/* Begin PBXGroup section */
		841E7FE81C2ABF9C00285B12 = {
			isa = PBXGroup;
			children = (
				841E7FF31C2ABF9C00285B12 /* DemoCoreData */,
				841E7FF21C2ABF9C00285B12 /* Products */,
			);
			sourceTree = "<group>";
		};
		841E7FF21C2ABF9C00285B12 /* Products */ = {
			isa = PBXGroup;
			children = (
				841E7FF11C2ABF9C00285B12 /* DemoCoreData.app */,
			);
			name = Products;
			sourceTree = "<group>";
		};
		841E7FF31C2ABF9C00285B12 /* DemoCoreData */ = {
			isa = PBXGroup;
			children = (
				841E800E1C2AC1B700285B12 /* Student+CoreDataProperties.h */,
				841E800F1C2AC1B700285B12 /* Student+CoreDataProperties.m */,
				841E80101C2AC1B700285B12 /* Student.h */,
				841E80111C2AC1B700285B12 /* Student.m */,
				841E7FF71C2ABF9C00285B12 /* AppDelegate.h */,
				841E7FF81C2ABF9C00285B12 /* AppDelegate.m */,
				841E7FFA1C2ABF9C00285B12 /* ViewController.h */,
				841E7FFB1C2ABF9C00285B12 /* ViewController.m */,
				841E7FFD1C2ABF9C00285B12 /* Main.storyboard */,
				841E80031C2ABF9C00285B12 /* Assets.xcassets */,
				841E80051C2ABF9C00285B12 /* LaunchScreen.storyboard */,
				841E80081C2ABF9C00285B12 /* Info.plist */,
				841E80001C2ABF9C00285B12 /* DemoCoreData.xcdatamodeld */,
				841E7FF41C2ABF9C00285B12 /* Supporting Files */,
				841E80141C2AC44800285B12 /* DetailViewController.h */,
				841E80151C2AC44800285B12 /* DetailViewController.m */,
			);
			path = DemoCoreData;
			sourceTree = "<group>";
		};
		841E7FF41C2ABF9C00285B12 /* Supporting Files */ = {
			isa = PBXGroup;
			children = (
				841E7FF51C2ABF9C00285B12 /* main.m */,
			);
			name = "Supporting Files";
			sourceTree = "<group>";
		};
/* End PBXGroup section */

/* Begin PBXNativeTarget section */
		841E7FF01C2ABF9C00285B12 /* DemoCoreData */ = {
			isa = PBXNativeTarget;
			buildConfigurationList = 841E800B1C2ABF9C00285B12 /* Build configuration list for PBXNativeTarget "DemoCoreData" */;
			buildPhases = (
				841E7FED1C2ABF9C00285B12 /* Sources */,
				841E7FEE1C2ABF9C00285B12 /* Frameworks */,
				841E7FEF1C2ABF9C00285B12 /* Resources */,
			);
			buildRules = (
			);
			dependencies = (
			);
			name = DemoCoreData;
			productName = DemoCoreData;
			productReference = 841E7FF11C2ABF9C00285B12 /* DemoCoreData.app */;
			productType = "com.apple.product-type.application";
		};
/* End PBXNativeTarget section */

/* Begin PBXProject section */
		841E7FE91C2ABF9C00285B12 /* Project object */ = {
			isa = PBXProject;
			attributes = {
				LastUpgradeCheck = 0710;
				ORGANIZATIONNAME = TNKHANH;
				TargetAttributes = {
					841E7FF01C2ABF9C00285B12 = {
						CreatedOnToolsVersion = 7.1.1;
					};
				};
			};
			buildConfigurationList = 841E7FEC1C2ABF9C00285B12 /* Build configuration list for PBXProject "DemoCoreData" */;
			compatibilityVersion = "Xcode 3.2";
			developmentRegion = English;
			hasScannedForEncodings = 0;
			knownRegions = (
				en,
				Base,
			);
			mainGroup = 841E7FE81C2ABF9C00285B12;
			productRefGroup = 841E7FF21C2ABF9C00285B12 /* Products */;
			projectDirPath = "";
			projectRoot = "";
			targets = (
				841E7FF01C2ABF9C00285B12 /* DemoCoreData */,
			);
		};
/* End PBXProject section */

/* Begin PBXResourcesBuildPhase section */
		841E7FEF1C2ABF9C00285B12 /* Resources */ = {
			isa = PBXResourcesBuildPhase;
			buildActionMask = 2147483647;
			files = (
				841E80071C2ABF9C00285B12 /* LaunchScreen.storyboard in Resources */,
				841E80041C2ABF9C00285B12 /* Assets.xcassets in Resources */,
				841E7FFF1C2ABF9C00285B12 /* Main.storyboard in Resources */,
			);
			runOnlyForDeploymentPostprocessing = 0;
		};
/* End PBXResourcesBuildPhase section */

/* Begin PBXSourcesBuildPhase section */
		841E7FED1C2ABF9C00285B12 /* Sources */ = {
			isa = PBXSourcesBuildPhase;
			buildActionMask = 2147483647;
			files = (
				841E7FFC1C2ABF9C00285B12 /* ViewController.m in Sources */,
				841E80121C2AC1B700285B12 /* Student+CoreDataProperties.m in Sources */,
				841E80021C2ABF9C00285B12 /* DemoCoreData.xcdatamodeld in Sources */,
				841E7FF91C2ABF9C00285B12 /* AppDelegate.m in Sources */,
				841E7FF61C2ABF9C00285B12 /* main.m in Sources */,
				841E80131C2AC1B700285B12 /* Student.m in Sources */,
				841E80161C2AC44800285B12 /* DetailViewController.m in Sources */,
			);
			runOnlyForDeploymentPostprocessing = 0;
		};
/* End PBXSourcesBuildPhase section */

/* Begin PBXVariantGroup section */
		841E7FFD1C2ABF9C00285B12 /* Main.storyboard */ = {
			isa = PBXVariantGroup;
			children = (
				841E7FFE1C2ABF9C00285B12 /* Base */,
			);
			name = Main.storyboard;
			sourceTree = "<group>";
		};
		841E80051C2ABF9C00285B12 /* LaunchScreen.storyboard */ = {
			isa = PBXVariantGroup;
			children = (
				841E80061C2ABF9C00285B12 /* Base */,
			);
			name = LaunchScreen.storyboard;
			sourceTree = "<group>";
		};
/* End PBXVariantGroup section */

/* Begin XCBuildConfiguration section */
		841E80091C2ABF9C00285B12 /* Debug */ = {
			isa = XCBuildConfiguration;
			buildSettings = {
				ALWAYS_SEARCH_USER_PATHS = NO;
				CLANG_CXX_LANGUAGE_STANDARD = "gnu++0x";
				CLANG_CXX_LIBRARY = "libc++";
				CLANG_ENABLE_MODULES = YES;
				CLANG_ENABLE_OBJC_ARC = YES;
				CLANG_WARN_BOOL_CONVERSION = YES;
				CLANG_WARN_CONSTANT_CONVERSION = YES;
				CLANG_WARN_DIRECT_OBJC_ISA_USAGE = YES_ERROR;
				CLANG_WARN_EMPTY_BODY = YES;
				CLANG_WARN_ENUM_CONVERSION = YES;
				CLANG_WARN_INT_CONVERSION = YES;
				CLANG_WARN_OBJC_ROOT_CLASS = YES_ERROR;
				CLANG_WARN_UNREACHABLE_CODE = YES;
				CLANG_WARN__DUPLICATE_METHOD_MATCH = YES;
				"CODE_SIGN_IDENTITY[sdk=iphoneos*]" = "iPhone Developer";
				COPY_PHASE_STRIP = NO;
				DEBUG_INFORMATION_FORMAT = dwarf;
				ENABLE_STRICT_OBJC_MSGSEND = YES;
				ENABLE_TESTABILITY = YES;
				GCC_C_LANGUAGE_STANDARD = gnu99;
				GCC_DYNAMIC_NO_PIC = NO;
				GCC_NO_COMMON_BLOCKS = YES;
				GCC_OPTIMIZATION_LEVEL = 0;
				GCC_PREPROCESSOR_DEFINITIONS = (
					"DEBUG=1",
					"$(inherited)",
				);
				GCC_WARN_64_TO_32_BIT_CONVERSION = YES;
				GCC_WARN_ABOUT_RETURN_TYPE = YES_ERROR;
				GCC_WARN_UNDECLARED_SELECTOR = YES;
				GCC_WARN_UNINITIALIZED_AUTOS = YES_AGGRESSIVE;
				GCC_WARN_UNUSED_FUNCTION = YES;
				GCC_WARN_UNUSED_VARIABLE = YES;
				IPHONEOS_DEPLOYMENT_TARGET = 9.1;
				MTL_ENABLE_DEBUG_INFO = YES;
				ONLY_ACTIVE_ARCH = YES;
				SDKROOT = iphoneos;
			};
			name = Debug;
		};
		841E800A1C2ABF9C00285B12 /* Release */ = {
			isa = XCBuildConfiguration;
			buildSettings = {
				ALWAYS_SEARCH_USER_PATHS = NO;
				CLANG_CXX_LANGUAGE_STANDARD = "gnu++0x";
				CLANG_CXX_LIBRARY = "libc++";
				CLANG_ENABLE_MODULES = YES;
				CLANG_ENABLE_OBJC_ARC = YES;
				CLANG_WARN_BOOL_CONVERSION = YES;
				CLANG_WARN_CONSTANT_CONVERSION = YES;
				CLANG_WARN_DIRECT_OBJC_ISA_USAGE = YES_ERROR;
				CLANG_WARN_EMPTY_BODY = YES;
				CLANG_WARN_ENUM_CONVERSION = YES;
				CLANG_WARN_INT_CONVERSION = YES;
				CLANG_WARN_OBJC_ROOT_CLASS = YES_ERROR;
				CLANG_WARN_UNREACHABLE_CODE = YES;
				CLANG_WARN__DUPLICATE_METHOD_MATCH = YES;
				"CODE_SIGN_IDENTITY[sdk=iphoneos*]" = "iPhone Developer";
				COPY_PHASE_STRIP = NO;
				DEBUG_INFORMATION_FORMAT = "dwarf-with-dsym";
				ENABLE_NS_ASSERTIONS = NO;
				ENABLE_STRICT_OBJC_MSGSEND = YES;
				GCC_C_LANGUAGE_STANDARD = gnu99;
				GCC_NO_COMMON_BLOCKS = YES;
				GCC_WARN_64_TO_32_BIT_CONVERSION = YES;
				GCC_WARN_ABOUT_RETURN_TYPE = YES_ERROR;
				GCC_WARN_UNDECLARED_SELECTOR = YES;
				GCC_WARN_UNINITIALIZED_AUTOS = YES_AGGRESSIVE;
				GCC_WARN_UNUSED_FUNCTION = YES;
				GCC_WARN_UNUSED_VARIABLE = YES;
				IPHONEOS_DEPLOYMENT_TARGET = 9.1;
				MTL_ENABLE_DEBUG_INFO = NO;
				SDKROOT = iphoneos;
				VALIDATE_PRODUCT = YES;
			};
			name = Release;
		};
		841E800C1C2ABF9C00285B12 /* Debug */ = {
			isa = XCBuildConfiguration;
			buildSettings = {
				ASSETCATALOG_COMPILER_APPICON_NAME = AppIcon;
				INFOPLIST_FILE = DemoCoreData/Info.plist;
				LD_RUNPATH_SEARCH_PATHS = "$(inherited) @executable_path/Frameworks";
				PRODUCT_BUNDLE_IDENTIFIER = com.t3h.DemoCoreData;
				PRODUCT_NAME = "$(TARGET_NAME)";
			};
			name = Debug;
		};
		841E800D1C2ABF9C00285B12 /* Release */ = {
			isa = XCBuildConfiguration;
			buildSettings = {
				ASSETCATALOG_COMPILER_APPICON_NAME = AppIcon;
				INFOPLIST_FILE = DemoCoreData/Info.plist;
				LD_RUNPATH_SEARCH_PATHS = "$(inherited) @executable_path/Frameworks";
				PRODUCT_BUNDLE_IDENTIFIER = com.t3h.DemoCoreData;
				PRODUCT_NAME = "$(TARGET_NAME)";
			};
			name = Release;
		};
/* End XCBuildConfiguration section */

/* Begin XCConfigurationList section */
		841E7FEC1C2ABF9C00285B12 /* Build configuration list for PBXProject "DemoCoreData" */ = {
			isa = XCConfigurationList;
			buildConfigurations = (
				841E80091C2ABF9C00285B12 /* Debug */,
				841E800A1C2ABF9C00285B12 /* Release */,
			);
			defaultConfigurationIsVisible = 0;
			defaultConfigurationName = Release;
		};
		841E800B1C2ABF9C00285B12 /* Build configuration list for PBXNativeTarget "DemoCoreData" */ = {
			isa = XCConfigurationList;
			buildConfigurations = (
				841E800C1C2ABF9C00285B12 /* Debug */,
				841E800D1C2ABF9C00285B12 /* Release */,
			);
			defaultConfigurationIsVisible = 0;
		};
/* End XCConfigurationList section */

/* Begin XCVersionGroup section */
		841E80001C2ABF9C00285B12 /* DemoCoreData.xcdatamodeld */ = {
			isa = XCVersionGroup;
			children = (
				841E80011C2ABF9C00285B12 /* DemoCoreData.xcdatamodel */,
			);
			currentVersion = 841E80011C2ABF9C00285B12 /* DemoCoreData.xcdatamodel */;
			path = DemoCoreData.xcdatamodeld;
			sourceTree = "<group>";
			versionGroupType = wrapper.xcdatamodel;
		};
/* End XCVersionGroup section */
	};
	rootObject = 841E7FE91C2ABF9C00285B12 /* Project object */;
}
